
Microsoft Visual Studio Solution File, Format Version 12.00
# Visual Studio Version 17
VisualStudioVersion = 17.14.36121.58
MinimumVisualStudioVersion = 10.0.40219.1
Project("{FAE04EC0-301F-11D3-BF4B-00C04F79EFBC}") = "QBCAWEB", "QBCAWEB\QBCAWEB.csproj", "{5D6C2FBE-563C-4453-B888-479E3B72A419}"
EndProject
Global
	GlobalSection(SolutionConfigurationPlatforms) = preSolution
		Debug|Any CPU = Debug|Any CPU
		Release|Any CPU = Release|Any CPU
	EndGlobalSection
	GlobalSection(ProjectConfigurationPlatforms) = postSolution
		{5D6C2FBE-563C-4453-B888-479E3B72A419}.Debug|Any CPU.ActiveCfg = Debug|Any CPU
		{5D6C2FBE-563C-4453-B888-479E3B72A419}.Debug|Any CPU.Build.0 = Debug|Any CPU
		{5D6C2FBE-563C-4453-B888-479E3B72A419}.Release|Any CPU.ActiveCfg = Release|Any CPU
		{5D6C2FBE-563C-4453-B888-479E3B72A419}.Release|Any CPU.Build.0 = Release|Any CPU
	EndGlobalSection
	GlobalSection(SolutionProperties) = preSolution
		HideSolutionNode = FALSE
	EndGlobalSection
	GlobalSection(ExtensibilityGlobals) = postSolution
		SolutionGuid = {E7C3B82D-5668-4783-9873-99BD7037753E}
	EndGlobalSection
EndGlobal
